
Microsoft Visual Studio Solution File, Format Version 12.00
# Visual Studio 15
VisualStudioVersion = 15.0.28307.757
MinimumVisualStudioVersion = 10.0.40219.1
Project("{FAE04EC0-301F-11D3-BF4B-00C04F79EFBC}") = "taxicabproblem", "taxicabproblem\taxicabproblem.csproj", "{BCA49F30-0709-4EA3-970C-25EDC9E243A9}"
EndProject
Global
	GlobalSection(SolutionConfigurationPlatforms) = preSolution
		Debug|Any CPU = Debug|Any CPU
		Release|Any CPU = Release|Any CPU
	EndGlobalSection
	GlobalSection(ProjectConfigurationPlatforms) = postSolution
		{BCA49F30-0709-4EA3-970C-25EDC9E243A9}.Debug|Any CPU.ActiveCfg = Debug|Any CPU
		{BCA49F30-0709-4EA3-970C-25EDC9E243A9}.Debug|Any CPU.Build.0 = Debug|Any CPU
		{BCA49F30-0709-4EA3-970C-25EDC9E243A9}.Release|Any CPU.ActiveCfg = Release|Any CPU
		{BCA49F30-0709-4EA3-970C-25EDC9E243A9}.Release|Any CPU.Build.0 = Release|Any CPU
	EndGlobalSection
	GlobalSection(SolutionProperties) = preSolution
		HideSolutionNode = FALSE
	EndGlobalSection
	GlobalSection(ExtensibilityGlobals) = postSolution
		SolutionGuid = {D0A81070-09AD-47DD-8ED8-CFEEB8021DB5}
	EndGlobalSection
EndGlobal
